
Microsoft Visual Studio Solution File, Format Version 11.00
# Visual Studio 2010
Project("{FAE04EC0-301F-11D3-BF4B-00C04F79EFBC}") = "Jmaxxz.X509", "Jmaxxz.X509\Jmaxxz.X509.csproj", "{960ABD65-DFF1-4A44-BE45-1571ABC6B2F0}"
EndProject
Global
	GlobalSection(SolutionConfigurationPlatforms) = preSolution
		Debug|Any CPU = Debug|Any CPU
		Release|Any CPU = Release|Any CPU
	EndGlobalSection
	GlobalSection(ProjectConfigurationPlatforms) = postSolution
		{960ABD65-DFF1-4A44-BE45-1571ABC6B2F0}.Debug|Any CPU.ActiveCfg = Debug|Any CPU
		{960ABD65-DFF1-4A44-BE45-1571ABC6B2F0}.Debug|Any CPU.Build.0 = Debug|Any CPU
		{960ABD65-DFF1-4A44-BE45-1571ABC6B2F0}.Release|Any CPU.ActiveCfg = Release|Any CPU
		{960ABD65-DFF1-4A44-BE45-1571ABC6B2F0}.Release|Any CPU.Build.0 = Release|Any CPU
	EndGlobalSection
	GlobalSection(MonoDevelopProperties) = preSolution
		StartupItem = Jmaxxz.X509\Jmaxxz.X509.csproj
	EndGlobalSection
EndGlobal
